version = 1
revision = 3
requires-python = ">=3.12"

[[package]]
name = "colorama"
version = "0.4.6"
source = { registry = "https://pypi.org/simple" }
sdist = { url = "https://files.pythonhosted.org/packages/d8/53/6f443c9a4a8358a93a6792e2acffb9d9d5cb0a5cfd8802644b7b1c9a02e4/colorama-0.4.6.tar.gz", hash = "sha256:08695f5cb7ed6e0531a20572697297273c47b8cae5a63ffc6d6ed5c201be6e44", size = 27697, upload-time = "2022-10-25T02:36:22.414Z" }
wheels = [
    { url = "https://files.pythonhosted.org/packages/d1/d6/3965ed04c63042e047cb6a3e6ed1a63a35087b6a609aa3a15ed8ac56c221/colorama-0.4.6-py2.py3-none-any.whl", hash = "sha256:4f1d9991f5acc0ca119f9d443620b77f9d6b33703e51011c16baf57afb285fc6", size = 25335, upload-time = "2022-10-25T02:36:20.889Z" },
]

[[package]]
name = "hypothesis"
version = "6.161.8"
source = { registry = "https://pypi.org/simple" }
dependencies = [
    { name = "sortedcontainers" },
]
sdist = { url = "https://files.pythonhosted.org/packages/59/2f/1a67b70064587eb05fddf59964de2a7dedf4135786b4b150ff18dc16a8db/hypothesis-6.161.8.tar.gz", hash = "sha256:d37360094e6203473b15e3cad7ecfb2e08fbd8acaabd8c730dc126cb597fde1c", size = 487771, upload-time = "2026-07-27T20:42:28.898Z" }
wheels = [
    { url = "https://files.pythonhosted.org/packages/49/1e/bdf7091f82974a26a92850a5539aba20c348e0ffcd4ee48f0f2d020cc3de/hypothesis-6.161.8-cp310-abi3-macosx_10_12_x86_64.whl", hash = "sha256:5b575502ffacd5ac5d3f4a777f0d22b5188693904af876dd46614c12476b4fde", size = 767838, upload-time = "2026-07-27T20:41:00.123Z" },
    { url = "https://files.pythonhosted.org/packages/9a/21/4b0718501b1bd05a7be4711277eef8684d1cb7cfb1d4e41554ce47789933/hypothesis-6.161.8-cp310-abi3-macosx_11_0_arm64.whl", hash = "sha256:eb3dd046c8ab7efaeaa5416f4ad1778544ca798f8091284543c814fc73312fad", size = 763377, upload-time = "2026-07-27T20:42:07.77Z" },
    { url = "https://files.pythonhosted.org/packages/c8/b6/d7f4848df0d470aa2cdfb3aee7e5261ab494ce18b6e4410f45ef3ff86f58/hypothesis-6.161.8-cp310-abi3-manylinux_2_17_aarch64.manylinux2014_aarch64.whl", hash = "sha256:88d0850723b7c7afe2a0b1372217bf398da2d7ce232907e2debe0075be579fe4", size = 1092627, upload-time = "2026-07-27T20:41:35.883Z" },
    { url = "https://files.pythonhosted.org/packages/0c/17/89d48ec82acc56d4894f41ff395258ff0b34539413f205379c7ed4682cb0/hypothesis-6.161.8-cp310-abi3-manylinux_2_17_armv7l.manylinux2014_armv7l.whl", hash = "sha256:89df776cae9ed73819134c52a3826f351bcb8aadcf7ef69fbe04b1e9306d7a5d", size = 1121255, upload-time = "2026-07-27T20:41:40.298Z" },
    { url = "https://files.pythonhosted.org/packages/29/16/6fc009137435bc88d3189ca0ba616727ea46a3efc76afba7e98a4f6a38c1/hypothesis-6.161.8-cp310-abi3-manylinux_2_17_x86_64.manylinux2014_x86_64.whl", hash = "sha256:ad8042c20cfaf4d4a679d45725289d639c171bc2d6473238457879d9cfd6a1d6", size = 1142117, upload-time = "2026-07-27T20:42:26.991Z" },
    { url = "https://files.pythonhosted.org/packages/26/4d/5e828d3bc3956509cbc5de404e511650cd48473c608a9de0c65952c27994/hypothesis-6.161.8-cp310-abi3-manylinux_2_31_riscv64.whl", hash = "sha256:d4063bbef8f704a68a1c1406ba4496d3373c8d60cdaf261660f2422e3257033a", size = 1097481, upload-time = "2026-07-27T20:40:56.574Z" },
    { url = "https://files.pythonhosted.org/packages/b8/d4/beb843943e50e85fc505d618cf914fd646e9864219992d26c1ad4043f1ae/hypothesis-6.161.8-cp310-abi3-manylinux_2_5_i686.manylinux1_i686.whl", hash = "sha256:5a61fd3a9288d5d5543a54c0b363ba2c600815314d89a7eb8a6b3983ac89e255", size = 1134249, upload-time = "2026-07-27T20:41:12.5Z" },
    { url = "https://files.pythonhosted.org/packages/a0/ae/b166d504748b7ac014587d14a8aa624a17cb9266219bf48d7859747a0ab9/hypothesis-6.161.8-cp310-abi3-musllinux_1_2_aarch64.whl", hash = "sha256:7a26b54b04579edc8e647dbc0745a0deff96e15a7fa28148ffe7f52f006da57a", size = 1266460, upload-time = "2026-07-27T20:42:04.634Z" },
    { url = "https://files.pythonhosted.org/packages/3a/88/1f769673b066df75825c30e9c14d177288cff6ec0af3c74b4880a1590fdc/hypothesis-6.161.8-cp310-abi3-musllinux_1_2_armv7l.whl", hash = "sha256:37dfb915fb24626d8b4f8a99e50d7bdfd7cae044fca170d99e699cdca1dc5421", size = 1394302, upload-time = "2026-07-27T20:40:57.705Z" },
    { url = "https://files.pythonhosted.org/packages/5b/4e/712bf26800cbc6a0628c24ecc7ba950a7f0c7b25556bd67a582aa56bed0b/hypothesis-6.161.8-cp310-abi3-musllinux_1_2_riscv64.whl", hash = "sha256:775f65cde6caa1392a1be122dea02cb091650f9dd85d412abe9151931c2c91ba", size = 1266919, upload-time = "2026-07-27T20:41:10.024Z" },
    { url = "https://files.pythonhosted.org/packages/77/a8/6b345a74e54b2eb90b729fb98e0fc13356598d27dd64bd896e99a8222868/hypothesis-6.161.8-cp310-abi3-musllinux_1_2_x86_64.whl", hash = "sha256:12847e53cc26f7d58d84c32156c6d0ac52458c26e5ab99f6d423d43124a18680", size = 1309133, upload-time = "2026-07-27T20:41:06.259Z" },
    { url = "https://files.pythonhosted.org/packages/b1/c2/c70fd4532c0a6e4bc872054b5c42035c87894b84a60ef959cbdd0e2bcac5/hypothesis-6.161.8-cp310-abi3-win32.whl", hash = "sha256:359e632148a843d326985856e35b4ceb9ab586089de62e46f3f7fb2f22d7d32a", size = 653688, upload-time = "2026-07-27T20:41:42.022Z" },
    { url = "https://files.pythonhosted.org/packages/3f/86/7ac7ad3d0fb9ac3f6da84b9e4d366262d05e192a5a1975b1b64d142b056f/hypothesis-6.161.8-cp310-abi3-win_amd64.whl", hash = "sha256:5eadf691d1a7177a962cf379ae413a2527a1f3a1219d9e5fcf35e12707e72a88", size = 659841, upload-time = "2026-07-27T20:41:22.386Z" },
    { url = "https://files.pythonhosted.org/packages/ab/1b/2569623d32daecd0b35f5686691e7375bedbbb85bc5aa49f6f742ce7dee0/hypothesis-6.161.8-cp312-cp312-macosx_10_12_x86_64.whl", hash = "sha256:8f3679076ef3e9efd7cfa7ea1c997f9687725e628ebdeef69d385ef3164b6269", size = 769428, upload-time = "2026-07-27T20:42:02.954Z" },
    { url = "https://files.pythonhosted.org/packages/bf/0a/d22fa179497e45456a6e97f150dc8b00f0b4ead67a4d09c892b2907a1fc7/hypothesis-6.161.8-cp312-cp312-macosx_11_0_arm64.whl", hash = "sha256:1ea8de981d40a68cb739f67053df2aab6c2e23c337f08da3c3e9ad31f356bfcf", size = 760997, upload-time = "2026-07-27T20:42:23.47Z" },
    { url = "https://files.pythonhosted.org/packages/15/23/50e1224bcb1683633beb9ee36c21f59531fa86ccb3c9ef0d65732f5ac035/hypothesis-6.161.8-cp312-cp312-manylinux_2_17_aarch64.manylinux2014_aarch64.whl", hash = "sha256:4338436e20c0d5e494c905288364600783edbabeeb19ab5b50746ce631980cd9", size = 1091438, upload-time = "2026-07-27T20:41:50.186Z" },
    { url = "https://files.pythonhosted.org/packages/33/63/f6c610567c0eff8c434fdbded63a80f1af60d634b8c13e53670b97887f72/hypothesis-6.161.8-cp312-cp312-manylinux_2_17_x86_64.manylinux2014_x86_64.whl", hash = "sha256:7eff53a5d0ef11db420e467c836229b7c07afee183d69adf3aa9c2bca6ba1365", size = 1141504, upload-time = "2026-07-27T20:41:23.755Z" },
    { url = "https://files.pythonhosted.org/packages/dd/30/2b0eeea1ff97a97726cd29e93b0a576fece7b7878ef8d3b2ea1f5dbb3acf/hypothesis-6.161.8-cp312-cp312-musllinux_1_2_aarch64.whl", hash = "sha256:3827fd23cd9447bbbd86a307cd1d8e7c545ca6a0f180ffa3f0e3985d8f8e3c8a", size = 1264263, upload-time = "2026-07-27T20:41:56.356Z" },
    { url = "https://files.pythonhosted.org/packages/3f/1a/c709ecb4c082e413d464d9d67f8b74612b7518397b7511430cee491c4503/hypothesis-6.161.8-cp312-cp312-musllinux_1_2_x86_64.whl", hash = "sha256:b9b9e69ae32b4a1854f69edfceb0c2f69300108b367ad99bfd6fe1044ca0fa8f", size = 1308470, upload-time = "2026-07-27T20:41:20.814Z" },
    { url = "https://files.pythonhosted.org/packages/7d/a9/823db2d2a9b8ec504b2bec5c704cc20fac983d38b396cfef8f29c26898a2/hypothesis-6.161.8-cp312-cp312-win_amd64.whl", hash = "sha256:74c2344e132679a386b91bb2d39ac23a378a084f3bcca31ed477e26f1aaef096", size = 656964, upload-time = "2026-07-27T20:41:59.334Z" },
    { url = "https://files.pythonhosted.org/packages/64/1a/79e7459e5a40379bffcd5a3b55c9e8d4925c68bc8d635f14900c44aa22d1/hypothesis-6.161.8-cp313-cp313-macosx_10_12_x86_64.whl", hash = "sha256:f1609a8c76d17016cfeda0c713340134bcfe8795183bca8282a4b59734f5cdd1", size = 769320, upload-time = "2026-07-27T20:41:38.893Z" },
    { url = "https://files.pythonhosted.org/packages/17/47/f33bc8ddeb45ac03d92f7157990290ba402a73e7e6e2d3d8184bfc9ce606/hypothesis-6.161.8-cp313-cp313-macosx_11_0_arm64.whl", hash = "sha256:dd695f63adc27468f13c2bf531a784d62517f498365aa755e3ac0e603dc43719", size = 760961, upload-time = "2026-07-27T20:42:20.067Z" },
    { url = "https://files.pythonhosted.org/packages/15/f5/7f1bad0915dbba089c14d69bca8fa69415869c1a18439bf27d404fd3289c/hypothesis-6.161.8-cp313-cp313-manylinux_2_17_aarch64.manylinux2014_aarch64.whl", hash = "sha256:6b3e2b1bdd235790f512b2a2bb4be909f8c8d313a924a8b6a321f89b62392bf7", size = 1091354, upload-time = "2026-07-27T20:41:02.809Z" },
    { url = "https://files.pythonhosted.org/packages/af/dc/39440c14ab7093294108ff6fd2e05bbf7cdd0a7857b61f049cf7fe5a94f2/hypothesis-6.161.8-cp313-cp313-manylinux_2_17_x86_64.manylinux2014_x86_64.whl", hash = "sha256:7e8e38a8e96230815fe048f961dabcb2299293714c08ccf6607110325a24a5a5", size = 1141316, upload-time = "2026-07-27T20:41:03.966Z" },
    { url = "https://files.pythonhosted.org/packages/23/0e/d05d9b2f95394c8593bfc2ecc6a8bc1af6ccf3459b86e96b80949b11357d/hypothesis-6.161.8-cp313-cp313-musllinux_1_2_aarch64.whl", hash = "sha256:443ed3353b8c64ff3149d93a423e3ea461246b40a84efe5d0cf8e666c62b30b0", size = 1264304, upload-time = "2026-07-27T20:41:16.577Z" },
    { url = "https://files.pythonhosted.org/packages/62/ab/c0818b324d930cb608d644117bdbab572b2a018288704fccacd0b39de7d3/hypothesis-6.161.8-cp313-cp313-musllinux_1_2_x86_64.whl", hash = "sha256:b5618bc2defc2db09081eaf42f9c0cbcb7a38402a9059c19fa2aafff06ec821e", size = 1308210, upload-time = "2026-07-27T20:42:21.756Z" },
    { url = "https://files.pythonhosted.org/packages/f5/4f/d1abdbdf4739adbb63354b9925e011a85ca47f5728a999dd577970f3271c/hypothesis-6.161.8-cp313-cp313-win_amd64.whl", hash = "sha256:3ab3a7311ad78878e3ada8dc85752da4b500102bdeaf25f0977d0b673344d794", size = 656924, upload-time = "2026-07-27T20:41:43.686Z" },
    { url = "https://files.pythonhosted.org/packages/80/67/88eae3441dae73b841077229f0160161d8a096ab00e91d393e7ffdd508f1/hypothesis-6.161.8-cp314-cp314-macosx_10_12_x86_64.whl", hash = "sha256:9b7c4758828150bba5df896518e9d2740dd1344ae150f81a63f0babeafa64b95", size = 769534, upload-time = "2026-07-27T20:42:17.801Z" },
    { url = "https://files.pythonhosted.org/packages/7f/27/3947531746040650117e600e1e7d40384c4385d6000e82c33d4c0be675d7/hypothesis-6.161.8-cp314-cp314-macosx_11_0_arm64.whl", hash = "sha256:8cbdb9f96961fbabee1acbc0bbc6224176e5bc3eaceb68ec19819a6edd6e866d", size = 761092, upload-time = "2026-07-27T20:41:47.13Z" },
    { url = "https://files.pythonhosted.org/packages/7b/3b/5fc2684c7e4a069a02e60c41d12aea1857c5a86235d979a6750b91ff491e/hypothesis-6.161.8-cp314-cp314-manylinux_2_17_aarch64.manylinux2014_aarch64.whl", hash = "sha256:11d5b887571a8529cd2fb3a91ca3ee8746a2dc0e6be52827ee89b05b6c051b68", size = 1091854, upload-time = "2026-07-27T20:41:19.303Z" },
    { url = "https://files.pythonhosted.org/packages/9a/d2/d0d5298ec36b1606d89ea6fe6e39d1fff280e81fc1eecf91b4dd55d8bcbd/hypothesis-6.161.8-cp314-cp314-manylinux_2_17_x86_64.manylinux2014_x86_64.whl", hash = "sha256:25cfe8cb7890a9f5f72a5b7c9e7bd39685c3f6898bf9003db09a85283f8ed5b0", size = 1141563, upload-time = "2026-07-27T20:41:18.01Z" },
    { url = "https://files.pythonhosted.org/packages/94/b4/475d0ad4ea2643ac80a331444664630d0746bc0c7dba9ab8e486123bcc60/hypothesis-6.161.8-cp314-cp314-musllinux_1_2_aarch64.whl", hash = "sha256:b0f07e7818c3ba3b917954240f1f3419c732070a47fdc5e909749d93b37878f9", size = 1264638, upload-time = "2026-07-27T20:42:12.632Z" },
    { url = "https://files.pythonhosted.org/packages/b3/fd/93ed917b3fc1120abb96feb5e7e2ba102c1ff5ce9faec9185bdb90cf2a05/hypothesis-6.161.8-cp314-cp314-musllinux_1_2_x86_64.whl", hash = "sha256:321194305d9a7933ca8bd3c4276484021f6a121859b62deb67dad9502993dce5", size = 1308505, upload-time = "2026-07-27T20:41:53.276Z" },
    { url = "https://files.pythonhosted.org/packages/0e/59/16a8e14d3917ffb5969d2ee745beef23990d758ca468f740745b00e31d55/hypothesis-6.161.8-cp314-cp314-pyemscripten_2026_0_wasm32.whl", hash = "sha256:233c6e74ca0e6c51bb1082e67deca4bc7ff383ccea8177b79f3b29f50cb3b1d8", size = 601018, upload-time = "2026-07-27T20:42:11.004Z" },
    { url = "https://files.pythonhosted.org/packages/fc/cf/1feeb6289d2f1eba404c9aeacd4aef2c21f7fd6ead672101d840fae21e61/hypothesis-6.161.8-cp314-cp314-win_amd64.whl", hash = "sha256:ca46cb623eea27873f89703b92d3ad639b4c6f9c9fbb073714a619f1c2eaa316", size = 656873, upload-time = "2026-07-27T20:40:58.907Z" },
    { url = "https://files.pythonhosted.org/packages/28/d2/c928a171e0274284a23c54c09be8c133e4493738c441541dcc2878b1fa0a/hypothesis-6.161.8-cp314-cp314t-macosx_10_12_x86_64.whl", hash = "sha256:108078b1d6ec8f7eec89457ce367a6397e6bcde86fbffa244ae19c524f564926", size = 768113, upload-time = "2026-07-27T20:42:01.276Z" },
    { url = "https://files.pythonhosted.org/packages/a7/d4/830f12f769c2ad373c93c2b45eb1dbabe17b3861f26e9a801d2926cb17a3/hypothesis-6.161.8-cp314-cp314t-macosx_11_0_arm64.whl", hash = "sha256:2d670152729fc08cafaa8f73ccd18920234ab4098f9f8881e068a7a4240235d6", size = 759559, upload-time = "2026-07-27T20:41:15.142Z" },
    { url = "https://files.pythonhosted.org/packages/58/a2/3dd916c80396eb630dd8a396bdb367395973bebda3490f8ff7605c99b3d9/hypothesis-6.161.8-cp314-cp314t-manylinux_2_17_aarch64.manylinux2014_aarch64.whl", hash = "sha256:b91af499d1649bd4b26ed0b31d3b5adfcaae2498f28bf14833f494ab3c3d58ee", size = 1090450, upload-time = "2026-07-27T20:41:57.834Z" },
    { url = "https://files.pythonhosted.org/packages/b2/d8/02d3f8cd9de6b90d6cad833fdc27bf818d31f12ab05df3072a1c6b384b2b/hypothesis-6.161.8-cp314-cp314t-manylinux_2_17_x86_64.manylinux2014_x86_64.whl", hash = "sha256:91d91cd991f6f79fe034dd088d55ac8aa713907dcb42b5ddf6583015d837cc32", size = 1140382, upload-time = "2026-07-27T20:42:09.486Z" },
    { url = "https://files.pythonhosted.org/packages/f2/3c/291c70bed39d7062b274ec8edc3c1176eea1eb424b2c46767d242335026a/hypothesis-6.161.8-cp314-cp314t-musllinux_1_2_aarch64.whl", hash = "sha256:c2f88729e5fd1400a3fcf28429d7d3fc6853cf0b3094b4050befb9a4b1b7517d", size = 1262874, upload-time = "2026-07-27T20:42:25.109Z" },
    { url = "https://files.pythonhosted.org/packages/b8/ef/c25062d285f8fca398b916082efa10574683da3bfbaef1fe81f7857e934a/hypothesis-6.161.8-cp314-cp314t-musllinux_1_2_x86_64.whl", hash = "sha256:f49c1a4e6158168d5b2255e3e5dbd48ecd020127668c1a02fa9ed64b83fc0008", size = 1307228, upload-time = "2026-07-27T20:41:48.594Z" },
    { url = "https://files.pythonhosted.org/packages/6a/d2/b006970d5261eef3729e3d5331a4a39d08d532977e230b12820e8587da02/hypothesis-6.161.8-cp314-cp314t-win_amd64.whl", hash = "sha256:efef18d65a9f08009e7036d445a48122f484c05678993e6febaf07cb8e3a8b04", size = 657005, upload-time = "2026-07-27T20:41:25.083Z" },
]

[[package]]
name = "iniconfig"
version = "2.3.0"
source = { registry = "https://pypi.org/simple" }
sdist = { url = "https://files.pythonhosted.org/packages/72/34/14ca021ce8e5dfedc35312d08ba8bf51fdd999c576889fc2c24cb97f4f10/iniconfig-2.3.0.tar.gz", hash = "sha256:c76315c77db068650d49c5b56314774a7804df16fee4402c1f19d6d15d8c4730", size = 20503, upload-time = "2025-10-18T21:55:43.219Z" }
wheels = [
    { url = "https://files.pythonhosted.org/packages/cb/b1/3846dd7f199d53cb17f49cba7e651e9ce294d8497c8c150530ed11865bb8/iniconfig-2.3.0-py3-none-any.whl", hash = "sha256:f631c04d2c48c52b84d0d0549c99ff3859c98df65b3101406327ecc7d53fbf12", size = 7484, upload-time = "2025-10-18T21:55:41.639Z" },
]

[[package]]
name = "mini-postgres"
version = "0.1.0"
source = { editable = "." }

[package.dev-dependencies]
dev = [
    { name = "hypothesis" },
    { name = "pyright" },
    { name = "pytest" },
    { name = "ruff" },
]
postgres18 = [
    { name = "psycopg", extra = ["binary"] },
]

[package.metadata]

[package.metadata.requires-dev]
dev = [
    { name = "hypothesis", specifier = ">=6.136" },
    { name = "pyright", specifier = ">=1.1.403" },
    { name = "pytest", specifier = ">=8.4" },
    { name = "ruff", specifier = ">=0.12" },
]
postgres18 = [{ name = "psycopg", extras = ["binary"], specifier = ">=3.2" }]

[[package]]
name = "nodeenv"
version = "1.10.0"
source = { registry = "https://pypi.org/simple" }
sdist = { url = "https://files.pythonhosted.org/packages/24/bf/d1bda4f6168e0b2e9e5958945e01910052158313224ada5ce1fb2e1113b8/nodeenv-1.10.0.tar.gz", hash = "sha256:996c191ad80897d076bdfba80a41994c2b47c68e224c542b48feba42ba00f8bb", size = 55611, upload-time = "2025-12-20T14:08:54.006Z" }
wheels = [
    { url = "https://files.pythonhosted.org/packages/88/b2/d0896bdcdc8d28a7fc5717c305f1a861c26e18c05047949fb371034d98bd/nodeenv-1.10.0-py2.py3-none-any.whl", hash = "sha256:5bb13e3eed2923615535339b3c620e76779af4cb4c6a90deccc9e36b274d3827", size = 23438, upload-time = "2025-12-20T14:08:52.782Z" },
]

[[package]]
name = "packaging"
version = "26.2"
source = { registry = "https://pypi.org/simple" }
sdist = { url = "https://files.pythonhosted.org/packages/d7/f1/e7a6dd94a8d4a5626c03e4e99c87f241ba9e350cd9e6d75123f992427270/packaging-26.2.tar.gz", hash = "sha256:ff452ff5a3e828ce110190feff1178bb1f2ea2281fa2075aadb987c2fb221661", size = 228134, upload-time = "2026-04-24T20:15:23.917Z" }
wheels = [
    { url = "https://files.pythonhosted.org/packages/df/b2/87e62e8c3e2f4b32e5fe99e0b86d576da1312593b39f47d8ceef365e95ed/packaging-26.2-py3-none-any.whl", hash = "sha256:5fc45236b9446107ff2415ce77c807cee2862cb6fac22b8a73826d0693b0980e", size = 100195, upload-time = "2026-04-24T20:15:22.081Z" },
]

[[package]]
name = "pluggy"
version = "1.6.0"
source = { registry = "https://pypi.org/simple" }
sdist = { url = "https://files.pythonhosted.org/packages/f9/e2/3e91f31a7d2b083fe6ef3fa267035b518369d9511ffab804f839851d2779/pluggy-1.6.0.tar.gz", hash = "sha256:7dcc130b76258d33b90f61b658791dede3486c3e6bfb003ee5c9bfb396dd22f3", size = 69412, upload-time = "2025-05-15T12:30:07.975Z" }
wheels = [
    { url = "https://files.pythonhosted.org/packages/54/20/4d324d65cc6d9205fabedc306948156824eb9f0ee1633355a8f7ec5c66bf/pluggy-1.6.0-py3-none-any.whl", hash = "sha256:e920276dd6813095e9377c0bc5566d94c932c33b27a3e3945d8389c374dd4746", size = 20538, upload-time = "2025-05-15T12:30:06.134Z" },
]

[[package]]
name = "psycopg"
version = "3.3.4"
source = { registry = "https://pypi.org/simple" }
dependencies = [
    { name = "typing-extensions", marker = "python_full_version < '3.13'" },
    { name = "tzdata", marker = "sys_platform == 'win32'" },
]
sdist = { url = "https://files.pythonhosted.org/packages/db/2f/cb91e5502ec9de1de6f1b76cfbf69531932725361168bb06963620c77e2e/psycopg-3.3.4.tar.gz", hash = "sha256:e21207764952cff81b6b8bdacad9a3939f2793367fdac2987b3aac36a651b5bc", size = 165799, upload-time = "2026-05-01T23:31:55.179Z" }
wheels = [
    { url = "https://files.pythonhosted.org/packages/5c/e0/7b3dee031daae7743609ce3c746565d4a3ed7c2c186479eb48e34e838c64/psycopg-3.3.4-py3-none-any.whl", hash = "sha256:b6bbc25ccf05c8fad3b061d9db2ef0909a555171b84b07f29458a447253d679a", size = 213001, upload-time = "2026-05-01T23:20:50.816Z" },
]

[package.optional-dependencies]
binary = [
    { name = "psycopg-binary", marker = "implementation_name != 'pypy'" },
]

[[package]]
name = "psycopg-binary"
version = "3.3.4"
source = { registry = "https://pypi.org/simple" }
wheels = [
    { url = "https://files.pythonhosted.org/packages/95/7d/03818e13ba7f36de93573c93ee3482006d3dfa8b0f8d28df511bad0a1a92/psycopg_binary-3.3.4-cp312-cp312-macosx_10_13_x86_64.whl", hash = "sha256:5ab28a2a7649df3b72e6b674b4c190e448e8e77cf496a65bd846472048de2089", size = 4591122, upload-time = "2026-05-01T23:27:56.162Z" },
    { url = "https://files.pythonhosted.org/packages/a5/b9/11b341edf8d54e2694726b273fe9652b254d989f4f63e3ac6816ad6b55f4/psycopg_binary-3.3.4-cp312-cp312-macosx_11_0_arm64.whl", hash = "sha256:6402a9d8146cf4b3974ded3fd28a971e83dc6a0333eb7822524a3aa20b546578", size = 4669943, upload-time = "2026-05-01T23:28:04.522Z" },
    { url = "https://files.pythonhosted.org/packages/8b/18/4665bacd65e7865b4372fcd8abb8b9186ada4b0025f8c2ca691b364a556c/psycopg_binary-3.3.4-cp312-cp312-manylinux2014_ppc64le.manylinux_2_17_ppc64le.whl", hash = "sha256:580ae30a5f95ccd90008ec697d3ed6a4a2047a516407ad904283fa42086936e9", size = 5469697, upload-time = "2026-05-01T23:28:11.337Z" },
    { url = "https://files.pythonhosted.org/packages/7c/b1/b83136c6e510593d9b0c759ba5384337bc4ad82d19fda675adc4b2703c84/psycopg_binary-3.3.4-cp312-cp312-manylinux2014_x86_64.manylinux_2_17_x86_64.whl", hash = "sha256:e7510c37550f91a187e3660a8cc50d4b760f8c3b8b2f89ebc5698cd2c7f2c85d", size = 5152995, upload-time = "2026-05-01T23:28:20.529Z" },
    { url = "https://files.pythonhosted.org/packages/67/8d/a9821e2a648afe6091989929982a3b0f00b2631a859cb81379728f08fb75/psycopg_binary-3.3.4-cp312-cp312-manylinux_2_27_aarch64.manylinux_2_28_aarch64.whl", hash = "sha256:77df19583501ea288eaf15ac0fe7ad01e6d8091a91d5c41df5c718f307d8e31b", size = 6738180, upload-time = "2026-05-01T23:28:30.654Z" },
    { url = "https://files.pythonhosted.org/packages/7e/58/2e349e8d23905dc2317b80ac65f48fb6f821a4777a4e994a60da91c4850f/psycopg_binary-3.3.4-cp312-cp312-manylinux_2_38_riscv64.manylinux_2_39_riscv64.whl", hash = "sha256:018fbed325936da502feb546642c982dcc4b9ffdea32dfef78dbf3b7f7ad4070", size = 4978828, upload-time = "2026-05-01T23:28:37.277Z" },
    { url = "https://files.pythonhosted.org/packages/45/48/57b00d03b4721878326122a1f1e6b0a90b85bcaec56b5b2f8ea6cfa45235/psycopg_binary-3.3.4-cp312-cp312-musllinux_1_2_aarch64.whl", hash = "sha256:17a21953a9e5ff3a16dab692625a3676e2f101db5e40072f39dbee2250194d68", size = 4509757, upload-time = "2026-05-01T23:28:43.078Z" },
    { url = "https://files.pythonhosted.org/packages/25/37/33b47d8c007df69aec500df5889767c4d313748e8e9e27a2fef8a6dabcee/psycopg_binary-3.3.4-cp312-cp312-musllinux_1_2_ppc64le.whl", hash = "sha256:eb05ee1c2b817d27c537333224c9e83c7afb86fe7296ba970990068baf819b16", size = 4190546, upload-time = "2026-05-01T23:28:50.016Z" },
    { url = "https://files.pythonhosted.org/packages/ca/c6/32b0835dbc2122617902b649d76a91c1e75406e76bf3d595b0c3bb5ffad6/psycopg_binary-3.3.4-cp312-cp312-musllinux_1_2_riscv64.whl", hash = "sha256:773d573e11f437ce0bdb95b7c18dc58390494f96d43f8b45b9760436114f7652", size = 3926197, upload-time = "2026-05-01T23:28:55.55Z" },
    { url = "https://files.pythonhosted.org/packages/cd/68/d190ef0c0c5b16ded07831dabc8ddd412f4cdab07ec6e30ed38d9bda0e1f/psycopg_binary-3.3.4-cp312-cp312-musllinux_1_2_x86_64.whl", hash = "sha256:71e55ccbdfae79a2ed9c6369c3008a3025817ff9d7e27b32a2d84e2a4267e66e", size = 4236627, upload-time = "2026-05-01T23:29:05.336Z" },
    { url = "https://files.pythonhosted.org/packages/25/8f/81dcbc2e8454b74d14881275ea45f00791052dac531a9fa8be1730d1685b/psycopg_binary-3.3.4-cp312-cp312-win_amd64.whl", hash = "sha256:494ca54901be8cf9eb7e02c25b731f2317c378efa44f43e8f9bd0e1184ae7be4", size = 3560782, upload-time = "2026-05-01T23:29:11.967Z" },
    { url = "https://files.pythonhosted.org/packages/09/43/13e9c406fbbf354580476e248a16b64802a376873ebe6339e30bb655572d/psycopg_binary-3.3.4-cp313-cp313-macosx_10_13_x86_64.whl", hash = "sha256:fbd1d4ed566895ad2d3bf4ddfd8bae90026930ddf29df3b9d91d32c8c47866a7", size = 4590377, upload-time = "2026-05-01T23:29:18.782Z" },
    { url = "https://files.pythonhosted.org/packages/22/be/2923cd7c3683e7afdecf4f10796a18de02f5c5ddc0969aa2ad0a8cdd3bbd/psycopg_binary-3.3.4-cp313-cp313-macosx_11_0_arm64.whl", hash = "sha256:75a9067e236f9b9ae3535b66fe99bddb33d39c0de10112e49b9ab11eee53dc31", size = 4669023, upload-time = "2026-05-01T23:29:25.884Z" },
    { url = "https://files.pythonhosted.org/packages/96/a0/2c913d6fe13d6a8bd13597d36739bf47af063ad9399e402cfecab16f3c1e/psycopg_binary-3.3.4-cp313-cp313-manylinux2014_ppc64le.manylinux_2_17_ppc64le.whl", hash = "sha256:b56b603ebcea8aa10b46228b8410ba7f13e7c2ee54389d4d9be0927fd8ce2a70", size = 5467423, upload-time = "2026-05-01T23:29:33.416Z" },
    { url = "https://files.pythonhosted.org/packages/e7/38/205d10bc1ad0df4a21c5c51659126bd3ea0ef98fcad1e852f78c249bb9c3/psycopg_binary-3.3.4-cp313-cp313-manylinux2014_x86_64.manylinux_2_17_x86_64.whl", hash = "sha256:c677c4ad433cb7150c8cd304a0769ae3bcfbe5ea0676eb53faa7b1443b16d0d3", size = 5151137, upload-time = "2026-05-01T23:29:42.013Z" },
    { url = "https://files.pythonhosted.org/packages/36/fc/f0381ddcd45eff3bb70dbca6823a996048d7f507b2ec3fc92c6fabc0fe87/psycopg_binary-3.3.4-cp313-cp313-manylinux_2_27_aarch64.manylinux_2_28_aarch64.whl", hash = "sha256:26df2717e59c0473e4465a97dfb1b7afebaa479277870fd5784d1436470db47c", size = 6736671, upload-time = "2026-05-01T23:29:51.626Z" },
    { url = "https://files.pythonhosted.org/packages/95/40/fa545ae152c24327651e5624e4902121e808270be36c10b12e9939be09bc/psycopg_binary-3.3.4-cp313-cp313-manylinux_2_38_riscv64.manylinux_2_39_riscv64.whl", hash = "sha256:1dc1f79fd16bb1f3f4421417a514607539f17804d95c7ed617265369d1981cae", size = 4979601, upload-time = "2026-05-01T23:29:56.961Z" },
    { url = "https://files.pythonhosted.org/packages/86/e4/2f8a47ee97f90cd2b933d0463081d35631ff419de2b8c984a5f369857de0/psycopg_binary-3.3.4-cp313-cp313-musllinux_1_2_aarch64.whl", hash = "sha256:136f199a407b5348b9b857c504aff60c77622a28482e7195839ce1b51238c4cc", size = 4510513, upload-time = "2026-05-01T23:30:07.243Z" },
    { url = "https://files.pythonhosted.org/packages/0e/0e/94e842ff4a7f98ed162580ca2e8b8864b28c1e0350f2443f8ee47f821167/psycopg_binary-3.3.4-cp313-cp313-musllinux_1_2_ppc64le.whl", hash = "sha256:b6f5a29e9c775b9f12a1a717aa7a2c80f9e1db6f27ba44a5b59c80ac61d2ffcf", size = 4187243, upload-time = "2026-05-01T23:30:15.352Z" },
    { url = "https://files.pythonhosted.org/packages/d0/83/fc6c174b672e29b7de996ea77b6cbddf46c891751c3355f6974292baa6b4/psycopg_binary-3.3.4-cp313-cp313-musllinux_1_2_riscv64.whl", hash = "sha256:ee17a2cf4943cde261adfad1bbc5bf38d6b3776d7afff74c7cabcbeaeb08c260", size = 3927347, upload-time = "2026-05-01T23:30:21.186Z" },
    { url = "https://files.pythonhosted.org/packages/e9/65/768364d4a97a15b1a7f47ba52688c1686f22941d8332a8398cefc468e25f/psycopg_binary-3.3.4-cp313-cp313-musllinux_1_2_x86_64.whl", hash = "sha256:5c4ab71be17bdca30cb34c34c4e1496e2f5d6f20c199c12bad226070b22ef9bf", size = 4236393, upload-time = "2026-05-01T23:30:26.211Z" },
    { url = "https://files.pythonhosted.org/packages/bd/3b/218efbc9e645becd80cdf651acda05f85cfe546b7a9c0458c7cbc8fe1f74/psycopg_binary-3.3.4-cp313-cp313-win_amd64.whl", hash = "sha256:dbfdb9b6cc79f31104a7b162a2b921b765fcc62af6c00540a167a8de47e4ed38", size = 3564592, upload-time = "2026-05-01T23:30:31.764Z" },
    { url = "https://files.pythonhosted.org/packages/48/a6/828c9185701dab71b234c2a76c38a08b098ebfec5020716b4e93807492b5/psycopg_binary-3.3.4-cp314-cp314-macosx_10_15_x86_64.whl", hash = "sha256:28b7398fdd19db3232c884fb24550bdfe951221f510e195e233299e4c9b78f97", size = 4607292, upload-time = "2026-05-01T23:30:38.962Z" },
    { url = "https://files.pythonhosted.org/packages/92/58/5b40dbc9d839045c9dae956960e4fb6d20bcabe6c59a2aa34fc3a371913f/psycopg_binary-3.3.4-cp314-cp314-macosx_11_0_arm64.whl", hash = "sha256:1fbaa292a3c8bb61b45df1ad3da1908ccee7cb889db9425e3557d9e34e2a4829", size = 4687023, upload-time = "2026-05-01T23:30:47.227Z" },
    { url = "https://files.pythonhosted.org/packages/85/a9/793f0ac107a9003b48441d0d1f9f616d96e0f37458dd8dc12528ceff55fb/psycopg_binary-3.3.4-cp314-cp314-manylinux2014_ppc64le.manylinux_2_17_ppc64le.whl", hash = "sha256:94596f9e7633ee3f6440711d43bb70aa31cc0a46a900ab8b4201a366ace5c9e7", size = 5486985, upload-time = "2026-05-01T23:30:55.517Z" },
    { url = "https://files.pythonhosted.org/packages/8f/26/42e8533497e2592334f68ec529cf5f840f7fa4e99575a4bb61aa184dbfbf/psycopg_binary-3.3.4-cp314-cp314-manylinux2014_x86_64.manylinux_2_17_x86_64.whl", hash = "sha256:8c0056529e68dbe9184cd4019a1f3d8f3a4ead2f6fc7a5afcf27d3314edd1277", size = 5168745, upload-time = "2026-05-01T23:31:01.904Z" },
    { url = "https://files.pythonhosted.org/packages/15/af/b7151776cc08d5935d45c833ec818a9beb417cf7c08239af1aafbdae78ee/psycopg_binary-3.3.4-cp314-cp314-manylinux_2_27_aarch64.manylinux_2_28_aarch64.whl", hash = "sha256:2c09aad7051326e7603c14e50636db9c01f78272dc54b3accff03d46370461e6", size = 6761486, upload-time = "2026-05-01T23:31:14.511Z" },
    { url = "https://files.pythonhosted.org/packages/d0/ed/c92533b9124712d592cbf1cd6c76da933a2e0acea81dfe1fbe7e735f0cff/psycopg_binary-3.3.4-cp314-cp314-manylinux_2_38_riscv64.manylinux_2_39_riscv64.whl", hash = "sha256:514404ed543efd620c85602b747df2a23cf1241b4067199e1a66f2d2757aaa41", size = 4997427, upload-time = "2026-05-01T23:31:20.901Z" },
    { url = "https://files.pythonhosted.org/packages/a2/23/ccadfd0de416aa188356daa199453af24087b042e296088706d190ae0295/psycopg_binary-3.3.4-cp314-cp314-musllinux_1_2_aarch64.whl", hash = "sha256:46893c26858be12cc49ca4226ed6a60b4bfccadd946b3bebb783a60b38788228", size = 4533549, upload-time = "2026-05-01T23:31:26.204Z" },
    { url = "https://files.pythonhosted.org/packages/fd/a0/c8f43cee36386f7bc891ab41a9d31ea07cf9826038e732da79f26b1e5f34/psycopg_binary-3.3.4-cp314-cp314-musllinux_1_2_ppc64le.whl", hash = "sha256:df1d567fc430f6df15c9fcf67d87685fc49bdb325adc0db5af1adfb2f44eb5c9", size = 4210256, upload-time = "2026-05-01T23:31:33.884Z" },
    { url = "https://files.pythonhosted.org/packages/4e/2c/c1547871be3790676e8868b38655496422f94f0978dfb66b74bdba2f1676/psycopg_binary-3.3.4-cp314-cp314-musllinux_1_2_riscv64.whl", hash = "sha256:6b9016b1714da4dd5ecaaa75b82098aa5a0b87854ce9b092e21c27c4ae23e014", size = 3946204, upload-time = "2026-05-01T23:31:39.626Z" },
    { url = "https://files.pythonhosted.org/packages/c4/b1/f6670f00fa7ea601584623f6c11602ab92117d83eaff885e0210f6de7418/psycopg_binary-3.3.4-cp314-cp314-musllinux_1_2_x86_64.whl", hash = "sha256:47c656a8a7ba6eb0cff1801a4caaa9c8bdc12d03080e273aff1c8ac39971a77e", size = 4255811, upload-time = "2026-05-01T23:31:44.986Z" },
    { url = "https://files.pythonhosted.org/packages/eb/e6/5fff07a70d1f945ed90ae131c3bd76cab32beff7c58c6db15ad5820b6d1f/psycopg_binary-3.3.4-cp314-cp314-win_amd64.whl", hash = "sha256:c37e024c07308cd06cf3ec51bfd0e7f6157585a4d84d1bce4a7f5f7913719bf8", size = 3666849, upload-time = "2026-05-01T23:31:51.165Z" },
]

[[package]]
name = "pygments"
version = "2.20.0"
source = { registry = "https://pypi.org/simple" }
sdist = { url = "https://files.pythonhosted.org/packages/c3/b2/bc9c9196916376152d655522fdcebac55e66de6603a76a02bca1b6414f6c/pygments-2.20.0.tar.gz", hash = "sha256:6757cd03768053ff99f3039c1a36d6c0aa0b263438fcab17520b30a303a82b5f", size = 4955991, upload-time = "2026-03-29T13:29:33.898Z" }
wheels = [
    { url = "https://files.pythonhosted.org/packages/f4/7e/a72dd26f3b0f4f2bf1dd8923c85f7ceb43172af56d63c7383eb62b332364/pygments-2.20.0-py3-none-any.whl", hash = "sha256:81a9e26dd42fd28a23a2d169d86d7ac03b46e2f8b59ed4698fb4785f946d0176", size = 1231151, upload-time = "2026-03-29T13:29:30.038Z" },
]

[[package]]
name = "pyright"
version = "1.1.411"
source = { registry = "https://pypi.org/simple" }
dependencies = [
    { name = "nodeenv" },
    { name = "typing-extensions" },
]
sdist = { url = "https://files.pythonhosted.org/packages/7e/ab/265f7dc69d28113ebba19092e57b075f41543b2ed048429c5f56e2b88eac/pyright-1.1.411.tar.gz", hash = "sha256:d885a0551f2e763b089a02702174e7f4ba77548cddabc972ab86d1f7f1b0f998", size = 4112861, upload-time = "2026-06-25T02:14:06.37Z" }
wheels = [
    { url = "https://files.pythonhosted.org/packages/0a/49/385be530a6a5b78d1cbcd5c2e38debc8959a2fc6bdb716f4e581002979fc/pyright-1.1.411-py3-none-any.whl", hash = "sha256:dc7c72a8e2700c55baa127554040e067041ea53ccfd50bf96308cc4291c7d5d9", size = 6181526, upload-time = "2026-06-25T02:14:04.691Z" },
]

[[package]]
name = "pytest"
version = "9.1.1"
source = { registry = "https://pypi.org/simple" }
dependencies = [
    { name = "colorama", marker = "sys_platform == 'win32'" },
    { name = "iniconfig" },
    { name = "packaging" },
    { name = "pluggy" },
    { name = "pygments" },
]
sdist = { url = "https://files.pythonhosted.org/packages/e4/47/b9efed96c114afcfa3c9d3fe98a76a1d14c74a9e266d397cf6eb64be5e01/pytest-9.1.1.tar.gz", hash = "sha256:1088fbde8f2b49d95a549a195707afa7a76a3ce9bcadc26b6d71f0ffda5fe313", size = 1636369, upload-time = "2026-06-19T10:58:32.857Z" }
wheels = [
    { url = "https://files.pythonhosted.org/packages/24/25/1de2678b631f5a49215c6c96fff41ba892b0a34df68d6d80292b1b48aa7f/pytest-9.1.1-py3-none-any.whl", hash = "sha256:37a86b45efb9a47a61a36449063e8e18d0cab3161329fc099eb21783169c4f0c", size = 386536, upload-time = "2026-06-19T10:58:31.347Z" },
]

[[package]]
name = "ruff"
version = "0.16.0"
source = { registry = "https://pypi.org/simple" }
sdist = { url = "https://files.pythonhosted.org/packages/4d/94/1e5e4967626faf12fa56999cd6222dff6992ceb086ad7945756baf70c7a7/ruff-0.16.0.tar.gz", hash = "sha256:e460aafd5495ec89efaa6ced2e4a9a581116451e1c88b9d37ef497e0f8e93982", size = 4790557, upload-time = "2026-07-23T19:11:30.981Z" }
wheels = [
    { url = "https://files.pythonhosted.org/packages/4b/81/1c8818fee7ce1a04cd7d1b3172e0a8f8e4f1dc4feb7fc390e16daa8af323/ruff-0.16.0-py3-none-linux_armv6l.whl", hash = "sha256:e5115729eb08c585e5121978ba5d5b60caeae394ce21b9fb5e6cd33a1c6c9b1e", size = 10754633, upload-time = "2026-07-23T19:10:46.415Z" },
    { url = "https://files.pythonhosted.org/packages/23/df/beaf59c09d68db84304d555f188b276a77132a5d5b0b67a5c762aa143628/ruff-0.16.0-py3-none-macosx_10_12_x86_64.whl", hash = "sha256:3c954b1d580bfa035b41654f7858cc7e71d5fc3ac5b723dd62bd9133830ed522", size = 10969164, upload-time = "2026-07-23T19:10:50.271Z" },
    { url = "https://files.pythonhosted.org/packages/42/ce/741cd197496a1abbf51352710fd15ed995d2a2be87189c1da26a450d6e83/ruff-0.16.0-py3-none-macosx_11_0_arm64.whl", hash = "sha256:e01c21d10eb1b29f47b7454e1f4056db9a3f0260c646aa88457c610291db9f81", size = 10488846, upload-time = "2026-07-23T19:10:52.639Z" },
    { url = "https://files.pythonhosted.org/packages/52/2a/a2db8e88cade358f5cdcb05674a917751074109315d014eb6352d9a893f7/ruff-0.16.0-py3-none-manylinux_2_17_aarch64.manylinux2014_aarch64.whl", hash = "sha256:6e364e5ed22ed8dc05082fd78e35308618260907ac2d3c1d637b2e682415b6c9", size = 10889729, upload-time = "2026-07-23T19:10:54.89Z" },
    { url = "https://files.pythonhosted.org/packages/42/65/62a771694ebd63029dc953e27dbad40e1588bd4860ff9fe881018fddaa49/ruff-0.16.0-py3-none-manylinux_2_17_armv7l.manylinux2014_armv7l.whl", hash = "sha256:d327b8fc113a1d4421a04f3839d3752057c8dd1ee320223a6f3f52d04ada462a", size = 10568275, upload-time = "2026-07-23T19:10:56.993Z" },
    { url = "https://files.pythonhosted.org/packages/3f/e2/ced249fe8af5f086c5c58cc21cc3356d50f32f7401c5df87050c999620a7/ruff-0.16.0-py3-none-manylinux_2_17_i686.manylinux2014_i686.whl", hash = "sha256:a9b50c55e263103586b3dcf5f73d479eb8cb5fdb6098fec59a62891dab653717", size = 11385112, upload-time = "2026-07-23T19:10:59.615Z" },
    { url = "https://files.pythonhosted.org/packages/87/0b/05154977a8fd69eeb6c103271f55403bfd8711f5c0f8ed07489d95a504e7/ruff-0.16.0-py3-none-manylinux_2_17_ppc64le.manylinux2014_ppc64le.whl", hash = "sha256:0ff4a79ce3ec0172f3241943835de1c4cb4e2dcd07f0f8c2d02603dbbbee4b17", size = 12207008, upload-time = "2026-07-23T19:11:02.154Z" },
    { url = "https://files.pythonhosted.org/packages/fb/29/98225831a3a1eab0e02f4acc6ca6559a98611dcc68b6965ff4b7234627c1/ruff-0.16.0-py3-none-manylinux_2_17_s390x.manylinux2014_s390x.whl", hash = "sha256:e95c448fca1fb2a18372a9440926c5a6ee789639bb975c72e7ae6d0b04218ab4", size = 11650842, upload-time = "2026-07-23T19:11:04.557Z" },
    { url = "https://files.pythonhosted.org/packages/91/66/6bd3cf90500653d55dc0ffc8507aa8300bd49d0214b2e8cb4d3fef2943ba/ruff-0.16.0-py3-none-manylinux_2_17_x86_64.manylinux2014_x86_64.whl", hash = "sha256:4f11a8d11010301d0a398a2fdef67691feca7294da6aef55e2150e8fa2cd520b", size = 11400718, upload-time = "2026-07-23T19:11:09.233Z" },
    { url = "https://files.pythonhosted.org/packages/8e/a2/a54eb4eae05d66364050a5d3b8a9c5ef88196531b3cbe7109d873f87f819/ruff-0.16.0-py3-none-manylinux_2_31_riscv64.whl", hash = "sha256:48044c678e9cb8698246c99b14aaccfa6601dea7379eb48a6f8f73f7a6d86cd0", size = 11426177, upload-time = "2026-07-23T19:11:11.994Z" },
    { url = "https://files.pythonhosted.org/packages/1a/be/16e3eea4b2a478a496919f5e36f17c4559e54620bd3bbac5d6affa068006/ruff-0.16.0-py3-none-musllinux_1_2_aarch64.whl", hash = "sha256:7aa0959bad8eb8bef50340154fc9b58678dae31fa4293afa38b44b6e552c0213", size = 10856126, upload-time = "2026-07-23T19:11:14.221Z" },
    { url = "https://files.pythonhosted.org/packages/a2/84/252eb8b868a16eec7257c14f504f77537e734b2d69c762e639e588e304a3/ruff-0.16.0-py3-none-musllinux_1_2_armv7l.whl", hash = "sha256:28ea2b7df8ebf7f9da6b7d47b230ab48f387c0a29be3b474c4d0740e197bb9af", size = 10571208, upload-time = "2026-07-23T19:11:16.378Z" },
    { url = "https://files.pythonhosted.org/packages/21/09/817a482f542f7570cbb4554b26e896610c7114f539b1d9e2d2145bf6bef6/ruff-0.16.0-py3-none-musllinux_1_2_i686.whl", hash = "sha256:33a3dfac8c35f81498dea9181bccc2f4c4bc8f1521a1dd9406e77643e0f0fb09", size = 11063329, upload-time = "2026-07-23T19:11:19.173Z" },
    { url = "https://files.pythonhosted.org/packages/2e/23/9403c180ca1cb9b1f7335f5c3e5305c09d49ea5b345196682a36028bde4a/ruff-0.16.0-py3-none-musllinux_1_2_x86_64.whl", hash = "sha256:a5237a0bda500d30d81b8e07a6973a5cbc772864cbf746ae2f4e8a2e01c9f4ed", size = 11489751, upload-time = "2026-07-23T19:11:21.74Z" },
    { url = "https://files.pythonhosted.org/packages/b2/1d/1b2ef7bcde851c78d7f17f1cca13fd6dc695fc4b3d6197941e72cae5b132/ruff-0.16.0-py3-none-win32.whl", hash = "sha256:7fab76fa065c873f41ff744347c6e77bcc3dfec4bcc754dc26b63d23c0f7f5fb", size = 10785885, upload-time = "2026-07-23T19:11:23.947Z" },
    { url = "https://files.pythonhosted.org/packages/b2/a3/d5e4ef7a56be3f928ffb90b94c25ba7d3cb9c7fe0736aeaaedf361770712/ruff-0.16.0-py3-none-win_amd64.whl", hash = "sha256:429c117f022bf481fabd9d551e7a3952b24c65e6ef44337ea09d90bebef14472", size = 11923141, upload-time = "2026-07-23T19:11:26.409Z" },
    { url = "https://files.pythonhosted.org/packages/cb/9a/8415f2657cbe200f41a4531ccededf135505a92d4a012229121f885b26f9/ruff-0.16.0-py3-none-win_arm64.whl", hash = "sha256:14296fedcd2705c77ab8235439278bbb38f285cf7da5528b00b3e330c3d4872d", size = 11273407, upload-time = "2026-07-23T19:11:28.705Z" },
]

[[package]]
name = "sortedcontainers"
version = "2.4.0"
source = { registry = "https://pypi.org/simple" }
sdist = { url = "https://files.pythonhosted.org/packages/e8/c4/ba2f8066cceb6f23394729afe52f3bf7adec04bf9ed2c820b39e19299111/sortedcontainers-2.4.0.tar.gz", hash = "sha256:25caa5a06cc30b6b83d11423433f65d1f9d76c4c6a0c90e3379eaa43b9bfdb88", size = 30594, upload-time = "2021-05-16T22:03:42.897Z" }
wheels = [
    { url = "https://files.pythonhosted.org/packages/32/46/9cb0e58b2deb7f82b84065f37f3bffeb12413f947f9388e4cac22c4621ce/sortedcontainers-2.4.0-py2.py3-none-any.whl", hash = "sha256:a163dcaede0f1c021485e957a39245190e74249897e2ae4b2aa38595db237ee0", size = 29575, upload-time = "2021-05-16T22:03:41.177Z" },
]

[[package]]
name = "typing-extensions"
version = "4.16.0"
source = { registry = "https://pypi.org/simple" }
sdist = { url = "https://files.pythonhosted.org/packages/f6/cc/6253133b5bb138fc3306cebfbda2c520f545d36b5be2c7255cc528bb45d6/typing_extensions-4.16.0.tar.gz", hash = "sha256:dc983d19a509c94dba722ee6abd33940f7c05a89e243c47e907eb4db6f1a43e5", size = 113555, upload-time = "2026-07-02T08:40:05.92Z" }
wheels = [
    { url = "https://files.pythonhosted.org/packages/49/d3/b8441a820a491ddfc024b0b0cf0393375b75ea13866d9c66727e54c2fc80/typing_extensions-4.16.0-py3-none-any.whl", hash = "sha256:481caa481374e813c1b176ada14e97f1f67a4539ce9cfeb3f350d78d6370c2e8", size = 45571, upload-time = "2026-07-02T08:40:04.659Z" },
]

[[package]]
name = "tzdata"
version = "2026.3"
source = { registry = "https://pypi.org/simple" }
sdist = { url = "https://files.pythonhosted.org/packages/92/ff/5a28bdfd8c3ebec42564ac7d0e54ca3db65044a9314a97f9564fa7a1e926/tzdata-2026.3.tar.gz", hash = "sha256:4a1518b8993086a7982523e071643f3c0e5f213e75b21318e78bcabfff9d1415", size = 198674, upload-time = "2026-07-10T08:50:37.887Z" }
wheels = [
    { url = "https://files.pythonhosted.org/packages/e5/6d/b53b99a9f2766d095985947a5782f1702cabb129a34f7a802d7197af832f/tzdata-2026.3-py2.py3-none-any.whl", hash = "sha256:dc096730c87af6cab1b171c9d532be840741ff5d459015e7f6947bd7d7e54931", size = 348168, upload-time = "2026-07-10T08:50:36.46Z" },
]
